
Microsoft Visual Studio Solution File, Format Version 12.00
# Visual Studio 15
VisualStudioVersion = 15.0.27428.2037
MinimumVisualStudioVersion = 10.0.40219.1
Project("{9A19103F-16F7-4668-BE54-9A1E7A4F7556}") = "BookShelf.Backend.Lambda", "BookShelf.Backend.Lambda\BookShelf.Backend.Lambda.csproj", "{1B8328EF-5586-4EFA-9AFD-6EF0F561D7C5}"
EndProject
Project("{9A19103F-16F7-4668-BE54-9A1E7A4F7556}") = "BookShelf.Backend.Lambda.Tests", "BookShelf.Backend.Lambda.Tests\BookShelf.Backend.Lambda.Tests.csproj", "{8E72F4F0-92A0-4FC9-8677-BBFFD6947D34}"
EndProject
Project("{9A19103F-16F7-4668-BE54-9A1E7A4F7556}") = "BookShelf.Backend.Model", "BookShelf.Backend.Model\BookShelf.Backend.Model.csproj", "{C5AC02E2-7566-40F7-973F-1343EB2ED659}"
EndProject
Project("{9A19103F-16F7-4668-BE54-9A1E7A4F7556}") = "BookShelf.Backend.Lambda.Util", "BookShelf.Backend.Lambda.Util\BookShelf.Backend.Lambda.Util.csproj", "{1894316D-121B-43A6-82D7-AB740AFEA3D8}"
EndProject
Project("{9A19103F-16F7-4668-BE54-9A1E7A4F7556}") = "BookShelf.UI", "BookShelf.UI\BookShelf.UI.csproj", "{CA4E60B0-675B-4716-8990-EAA4B72AE258}"
EndProject
Global
	GlobalSection(SolutionConfigurationPlatforms) = preSolution
		Debug|Any CPU = Debug|Any CPU
		Release|Any CPU = Release|Any CPU
	EndGlobalSection
	GlobalSection(ProjectConfigurationPlatforms) = postSolution
		{1B8328EF-5586-4EFA-9AFD-6EF0F561D7C5}.Debug|Any CPU.ActiveCfg = Debug|Any CPU
		{1B8328EF-5586-4EFA-9AFD-6EF0F561D7C5}.Debug|Any CPU.Build.0 = Debug|Any CPU
		{1B8328EF-5586-4EFA-9AFD-6EF0F561D7C5}.Release|Any CPU.ActiveCfg = Release|Any CPU
		{1B8328EF-5586-4EFA-9AFD-6EF0F561D7C5}.Release|Any CPU.Build.0 = Release|Any CPU
		{8E72F4F0-92A0-4FC9-8677-BBFFD6947D34}.Debug|Any CPU.ActiveCfg = Debug|Any CPU
		{8E72F4F0-92A0-4FC9-8677-BBFFD6947D34}.Debug|Any CPU.Build.0 = Debug|Any CPU
		{8E72F4F0-92A0-4FC9-8677-BBFFD6947D34}.Release|Any CPU.ActiveCfg = Release|Any CPU
		{8E72F4F0-92A0-4FC9-8677-BBFFD6947D34}.Release|Any CPU.Build.0 = Release|Any CPU
		{C5AC02E2-7566-40F7-973F-1343EB2ED659}.Debug|Any CPU.ActiveCfg = Debug|Any CPU
		{C5AC02E2-7566-40F7-973F-1343EB2ED659}.Debug|Any CPU.Build.0 = Debug|Any CPU
		{C5AC02E2-7566-40F7-973F-1343EB2ED659}.Release|Any CPU.ActiveCfg = Release|Any CPU
		{C5AC02E2-7566-40F7-973F-1343EB2ED659}.Release|Any CPU.Build.0 = Release|Any CPU
		{1894316D-121B-43A6-82D7-AB740AFEA3D8}.Debug|Any CPU.ActiveCfg = Debug|Any CPU
		{1894316D-121B-43A6-82D7-AB740AFEA3D8}.Debug|Any CPU.Build.0 = Debug|Any CPU
		{1894316D-121B-43A6-82D7-AB740AFEA3D8}.Release|Any CPU.ActiveCfg = Release|Any CPU
		{1894316D-121B-43A6-82D7-AB740AFEA3D8}.Release|Any CPU.Build.0 = Release|Any CPU
		{CA4E60B0-675B-4716-8990-EAA4B72AE258}.Debug|Any CPU.ActiveCfg = Debug|Any CPU
		{CA4E60B0-675B-4716-8990-EAA4B72AE258}.Debug|Any CPU.Build.0 = Debug|Any CPU
		{CA4E60B0-675B-4716-8990-EAA4B72AE258}.Release|Any CPU.ActiveCfg = Release|Any CPU
		{CA4E60B0-675B-4716-8990-EAA4B72AE258}.Release|Any CPU.Build.0 = Release|Any CPU
	EndGlobalSection
	GlobalSection(SolutionProperties) = preSolution
		HideSolutionNode = FALSE
	EndGlobalSection
	GlobalSection(ExtensibilityGlobals) = postSolution
		SolutionGuid = {31BC5CB5-5C09-46FE-97D3-C883A139C884}
	EndGlobalSection
EndGlobal
